
Microsoft Visual Studio Solution File, Format Version 12.00
# Visual Studio Version 16
VisualStudioVersion = 16.0.28803.352
MinimumVisualStudioVersion = 10.0.40219.1
Project("{9A19103F-16F7-4668-BE54-9A1E7A4F7556}") = "DowntownRP", "DowntownRP\DowntownRP.csproj", "{B588EED8-F334-4AC6-B091-3AC3D2F2AC52}"
EndProject
Project("{9A19103F-16F7-4668-BE54-9A1E7A4F7556}") = "DowntownRP-cs", "..\..\client_packages\cs_packages\DowntownRP-cs.csproj", "{F99427C9-2E2F-4035-93BC-F71F92A7F8FA}"
EndProject
Global
	GlobalSection(SolutionConfigurationPlatforms) = preSolution
		Debug|Any CPU = Debug|Any CPU
		Release|Any CPU = Release|Any CPU
	EndGlobalSection
	GlobalSection(ProjectConfigurationPlatforms) = postSolution
		{B588EED8-F334-4AC6-B091-3AC3D2F2AC52}.Debug|Any CPU.ActiveCfg = Debug|Any CPU
		{B588EED8-F334-4AC6-B091-3AC3D2F2AC52}.Debug|Any CPU.Build.0 = Debug|Any CPU
		{B588EED8-F334-4AC6-B091-3AC3D2F2AC52}.Release|Any CPU.ActiveCfg = Release|Any CPU
		{B588EED8-F334-4AC6-B091-3AC3D2F2AC52}.Release|Any CPU.Build.0 = Release|Any CPU
		{F99427C9-2E2F-4035-93BC-F71F92A7F8FA}.Debug|Any CPU.ActiveCfg = Debug|Any CPU
		{F99427C9-2E2F-4035-93BC-F71F92A7F8FA}.Debug|Any CPU.Build.0 = Debug|Any CPU
		{F99427C9-2E2F-4035-93BC-F71F92A7F8FA}.Release|Any CPU.ActiveCfg = Release|Any CPU
		{F99427C9-2E2F-4035-93BC-F71F92A7F8FA}.Release|Any CPU.Build.0 = Release|Any CPU
	EndGlobalSection
	GlobalSection(SolutionProperties) = preSolution
		HideSolutionNode = FALSE
	EndGlobalSection
	GlobalSection(ExtensibilityGlobals) = postSolution
		SolutionGuid = {54630D25-E070-4E6F-8586-1CF6A545C43E}
	EndGlobalSection
EndGlobal
